Microsoft Visual Studio Solution File, Format Version 8.00
Project("{8BC9CEB8-8B4A-11D0-8D11-00A0C91BC942}") = "Compression", "Compression.vcproj", "{0C65AEE6-8ECF-4DC7-9273-DFB384B39A9F}"
	ProjectSection(ProjectDependencies) = postProject
	EndProjectSection
EndProject
Project("{8BC9CEB8-8B4A-11D0-8D11-00A0C91BC942}") = "test", "..\test\test.vcproj", "{A568C50A-2DEC-466C-BDC9-D39C53907B73}"
	ProjectSection(ProjectDependencies) = postProject
	EndProjectSection
EndProject
Global
	GlobalSection(SolutionConfiguration) = preSolution
		Debug = Debug
		Release = Release
	EndGlobalSection
	GlobalSection(ProjectConfiguration) = postSolution
		{0C65AEE6-8ECF-4DC7-9273-DFB384B39A9F}.Debug.ActiveCfg = Debug|Win32
		{0C65AEE6-8ECF-4DC7-9273-DFB384B39A9F}.Debug.Build.0 = Debug|Win32
		{0C65AEE6-8ECF-4DC7-9273-DFB384B39A9F}.Release.ActiveCfg = Release|Win32
		{0C65AEE6-8ECF-4DC7-9273-DFB384B39A9F}.Release.Build.0 = Release|Win32
		{A568C50A-2DEC-466C-BDC9-D39C53907B73}.Debug.ActiveCfg = Debug|Win32
		{A568C50A-2DEC-466C-BDC9-D39C53907B73}.Debug.Build.0 = Debug|Win32
		{A568C50A-2DEC-466C-BDC9-D39C53907B73}.Release.ActiveCfg = Release|Win32
		{A568C50A-2DEC-466C-BDC9-D39C53907B73}.Release.Build.0 = Release|Win32
	EndGlobalSection
	GlobalSection(ExtensibilityGlobals) = postSolution
	EndGlobalSection
	GlobalSection(ExtensibilityAddIns) = postSolution
	EndGlobalSection
EndGlobal
